
Microsoft Visual Studio Solution File, Format Version 12.00
# Visual Studio Version 17
VisualStudioVersion = 17.14.36414.22 d17.14
MinimumVisualStudioVersion = 10.0.40219.1
Project("{FAE04EC0-301F-11D3-BF4B-00C04F79EFBC}") = "Snake_game", "Snake_game.csproj", "{43DB526F-4341-4CD5-B17F-E0A7CF300157}"
EndProject
Global
	GlobalSection(SolutionConfigurationPlatforms) = preSolution
		Debug|Any CPU = Debug|Any CPU
		Release|Any CPU = Release|Any CPU
	EndGlobalSection
	GlobalSection(ProjectConfigurationPlatforms) = postSolution
		{43DB526F-4341-4CD5-B17F-E0A7CF300157}.Debug|Any CPU.ActiveCfg = Debug|Any CPU
		{43DB526F-4341-4CD5-B17F-E0A7CF300157}.Debug|Any CPU.Build.0 = Debug|Any CPU
		{43DB526F-4341-4CD5-B17F-E0A7CF300157}.Release|Any CPU.ActiveCfg = Release|Any CPU
		{43DB526F-4341-4CD5-B17F-E0A7CF300157}.Release|Any CPU.Build.0 = Release|Any CPU
	EndGlobalSection
	GlobalSection(SolutionProperties) = preSolution
		HideSolutionNode = FALSE
	EndGlobalSection
	GlobalSection(ExtensibilityGlobals) = postSolution
		SolutionGuid = {18D4BC9C-B27C-46FD-92C6-057B2D8BA8B6}
	EndGlobalSection
EndGlobal
